
Microsoft Visual Studio Solution File, Format Version 12.00
# Visual Studio Version 17
VisualStudioVersion = 17.0.31912.275
MinimumVisualStudioVersion = 10.0.40219.1
Project("{2150E333-8FDC-42A3-9474-1A3956D46DE8}") = "src", "src", "{78D6EA98-79C1-48E6-B9F7-DEB9DD3CD891}"
EndProject
Project("{9A19103F-16F7-4668-BE54-9A1E7A4F7556}") = "GT.UI", "src\GT.UI\GT.UI.csproj", "{D916F97B-534B-48BC-BB13-CFE956FF153E}"
EndProject
Project("{9A19103F-16F7-4668-BE54-9A1E7A4F7556}") = "GT.Data", "src\GT.Data\GT.Data.csproj", "{5759A2ED-B437-4AAA-959E-974E5E25B190}"
EndProject
Project("{9A19103F-16F7-4668-BE54-9A1E7A4F7556}") = "GT.Core", "src\GT.Core\GT.Core.csproj", "{C8951C7B-17D0-45ED-B8AA-E6C606FAD292}"
EndProject
Global
	GlobalSection(SolutionConfigurationPlatforms) = preSolution
		Debug|Any CPU = Debug|Any CPU
		Release|Any CPU = Release|Any CPU
	EndGlobalSection
	GlobalSection(ProjectConfigurationPlatforms) = postSolution
		{D916F97B-534B-48BC-BB13-CFE956FF153E}.Debug|Any CPU.ActiveCfg = Debug|Any CPU
		{D916F97B-534B-48BC-BB13-CFE956FF153E}.Debug|Any CPU.Build.0 = Debug|Any CPU
		{D916F97B-534B-48BC-BB13-CFE956FF153E}.Release|Any CPU.ActiveCfg = Release|Any CPU
		{D916F97B-534B-48BC-BB13-CFE956FF153E}.Release|Any CPU.Build.0 = Release|Any CPU
		{5759A2ED-B437-4AAA-959E-974E5E25B190}.Debug|Any CPU.ActiveCfg = Debug|Any CPU
		{5759A2ED-B437-4AAA-959E-974E5E25B190}.Debug|Any CPU.Build.0 = Debug|Any CPU
		{5759A2ED-B437-4AAA-959E-974E5E25B190}.Release|Any CPU.ActiveCfg = Release|Any CPU
		{5759A2ED-B437-4AAA-959E-974E5E25B190}.Release|Any CPU.Build.0 = Release|Any CPU
		{C8951C7B-17D0-45ED-B8AA-E6C606FAD292}.Debug|Any CPU.ActiveCfg = Debug|Any CPU
		{C8951C7B-17D0-45ED-B8AA-E6C606FAD292}.Debug|Any CPU.Build.0 = Debug|Any CPU
		{C8951C7B-17D0-45ED-B8AA-E6C606FAD292}.Release|Any CPU.ActiveCfg = Release|Any CPU
		{C8951C7B-17D0-45ED-B8AA-E6C606FAD292}.Release|Any CPU.Build.0 = Release|Any CPU
	EndGlobalSection
	GlobalSection(SolutionProperties) = preSolution
		HideSolutionNode = FALSE
	EndGlobalSection
	GlobalSection(NestedProjects) = preSolution
		{D916F97B-534B-48BC-BB13-CFE956FF153E} = {78D6EA98-79C1-48E6-B9F7-DEB9DD3CD891}
		{5759A2ED-B437-4AAA-959E-974E5E25B190} = {78D6EA98-79C1-48E6-B9F7-DEB9DD3CD891}
		{C8951C7B-17D0-45ED-B8AA-E6C606FAD292} = {78D6EA98-79C1-48E6-B9F7-DEB9DD3CD891}
	EndGlobalSection
	GlobalSection(ExtensibilityGlobals) = postSolution
		SolutionGuid = {DAA84FF8-F704-4706-850C-0A49398A8163}
	EndGlobalSection
EndGlobal
