
Microsoft Visual Studio Solution File, Format Version 12.00
# Visual Studio Version 17
VisualStudioVersion = 17.0.32002.185
MinimumVisualStudioVersion = 10.0.40219.1
Project("{9A19103F-16F7-4668-BE54-9A1E7A4F7556}") = "GT.UI", "GT.UI\GT.UI.csproj", "{D4677B70-2AC5-4129-9339-76D1B7A456E0}"
	ProjectSection(ProjectDependencies) = postProject
		{4E1AA411-E7A7-4D77-8FB1-D5F67DD7CD8A} = {4E1AA411-E7A7-4D77-8FB1-D5F67DD7CD8A}
		{AF8FC898-5F36-4712-9FF3-401666C7E903} = {AF8FC898-5F36-4712-9FF3-401666C7E903}
	EndProjectSection
EndProject
Project("{FAE04EC0-301F-11D3-BF4B-00C04F79EFBC}") = "GT.Core", "GT.Core\GT.Core.csproj", "{AF8FC898-5F36-4712-9FF3-401666C7E903}"
	ProjectSection(ProjectDependencies) = postProject
		{4E1AA411-E7A7-4D77-8FB1-D5F67DD7CD8A} = {4E1AA411-E7A7-4D77-8FB1-D5F67DD7CD8A}
	EndProjectSection
EndProject
Project("{FAE04EC0-301F-11D3-BF4B-00C04F79EFBC}") = "GT.Data", "GT.Data\GT.Data.csproj", "{4E1AA411-E7A7-4D77-8FB1-D5F67DD7CD8A}"
EndProject
Global
	GlobalSection(SolutionConfigurationPlatforms) = preSolution
		Debug|Any CPU = Debug|Any CPU
		Release|Any CPU = Release|Any CPU
	EndGlobalSection
	GlobalSection(ProjectConfigurationPlatforms) = postSolution
		{D4677B70-2AC5-4129-9339-76D1B7A456E0}.Debug|Any CPU.ActiveCfg = Debug|Any CPU
		{D4677B70-2AC5-4129-9339-76D1B7A456E0}.Debug|Any CPU.Build.0 = Debug|Any CPU
		{D4677B70-2AC5-4129-9339-76D1B7A456E0}.Release|Any CPU.ActiveCfg = Release|Any CPU
		{D4677B70-2AC5-4129-9339-76D1B7A456E0}.Release|Any CPU.Build.0 = Release|Any CPU
		{AF8FC898-5F36-4712-9FF3-401666C7E903}.Debug|Any CPU.ActiveCfg = Debug|Any CPU
		{AF8FC898-5F36-4712-9FF3-401666C7E903}.Debug|Any CPU.Build.0 = Debug|Any CPU
		{AF8FC898-5F36-4712-9FF3-401666C7E903}.Release|Any CPU.ActiveCfg = Release|Any CPU
		{AF8FC898-5F36-4712-9FF3-401666C7E903}.Release|Any CPU.Build.0 = Release|Any CPU
		{4E1AA411-E7A7-4D77-8FB1-D5F67DD7CD8A}.Debug|Any CPU.ActiveCfg = Debug|Any CPU
		{4E1AA411-E7A7-4D77-8FB1-D5F67DD7CD8A}.Debug|Any CPU.Build.0 = Debug|Any CPU
		{4E1AA411-E7A7-4D77-8FB1-D5F67DD7CD8A}.Release|Any CPU.ActiveCfg = Release|Any CPU
		{4E1AA411-E7A7-4D77-8FB1-D5F67DD7CD8A}.Release|Any CPU.Build.0 = Release|Any CPU
	EndGlobalSection
	GlobalSection(SolutionProperties) = preSolution
		HideSolutionNode = FALSE
	EndGlobalSection
	GlobalSection(ExtensibilityGlobals) = postSolution
		SolutionGuid = {B22EC5D1-3380-4C3B-9412-B492F53F2CE6}
	EndGlobalSection
EndGlobal
